{
  "requires": true,
  "lockfileVersion": 1,
  "dependencies": {
    "@react-spring/animated": {
      "version": "9.3.1",
      "resolved": "https://registry.npmjs.org/@react-spring/animated/-/animated-9.3.1.tgz",
      "integrity": "sha512-23YaERZ++BwZ8F8PxPFqrpOwp/JZun1Pj6aHZtPAU42j5LycBRasT9XMw7Eyr7zNFhT+rl3R3wFfd4WX6Ax+UA==",
      "requires": {
        "@react-spring/shared": "~9.3.0",
        "@react-spring/types": "~9.3.0"
      }
    },
    "@react-spring/core": {
      "version": "9.3.1",
      "resolved": "https://registry.npmjs.org/@react-spring/core/-/core-9.3.1.tgz",
      "integrity": "sha512-8rmfmEHLHGtF1CUiXRn64YJqsXNxv2cGX8oNnBnsuoE33c48Zc34t2VIMB4R9q5zwIUCvDBGfiEenA8ZAPxqOQ==",
      "requires": {
        "@react-spring/animated": "~9.3.0",
        "@react-spring/shared": "~9.3.0",
        "@react-spring/types": "~9.3.0"
      }
    },
    "@react-spring/konva": {
      "version": "9.3.1",
      "resolved": "https://registry.npmjs.org/@react-spring/konva/-/konva-9.3.1.tgz",
      "integrity": "sha512-woG2DeDcUlz5hB8g9pA/tyUWU6dMrAzyUsNiBWVCyI9UqKA7CUKjz+ODOUi+hS++3Kz7kZSr3u0zzHHfxvoTPQ==",
      "requires": {
        "@react-spring/animated": "~9.3.0",
        "@react-spring/core": "~9.3.0",
        "@react-spring/shared": "~9.3.0",
        "@react-spring/types": "~9.3.0"
      }
    },
    "@react-spring/native": {
      "version": "9.3.1",
      "resolved": "https://registry.npmjs.org/@react-spring/native/-/native-9.3.1.tgz",
      "integrity": "sha512-NAC1wHIUvy1umCVQRxcS+31Dmr9NszBY06sHy3jR8/HVuKNtaDUARVF3AYL/HfbIy4m6yR3tcIkM2NQ0SO+rZA==",
      "requires": {
        "@react-spring/animated": "~9.3.0",
        "@react-spring/core": "~9.3.0",
        "@react-spring/shared": "~9.3.0",
        "@react-spring/types": "~9.3.0"
      }
    },
    "@react-spring/rafz": {
      "version": "9.3.1",
      "resolved": "https://registry.npmjs.org/@react-spring/rafz/-/rafz-9.3.1.tgz",
      "integrity": "sha512-fEBMCarGVl+/2kdO+g6Zig4F+3ymwmcGN8S71gb1c7Cbbxb87kviPz8EhshfIHoiLeJPGlqwcuGbxNmZbBamvA=="
    },
    "@react-spring/shared": {
      "version": "9.3.1",
      "resolved": "https://registry.npmjs.org/@react-spring/shared/-/shared-9.3.1.tgz",
      "integrity": "sha512-jhPpxzURGo6Nty90ex1lkxmZae7w/VAbnGmb/nXcYoZwSoNR+W2aAd00iXsh2ZGz6MgoJOsc495JeG3uC7Am8A==",
      "requires": {
        "@react-spring/rafz": "~9.3.0",
        "@react-spring/types": "~9.3.0"
      }
    },
    "@react-spring/three": {
      "version": "9.3.1",
      "resolved": "https://registry.npmjs.org/@react-spring/three/-/three-9.3.1.tgz",
      "integrity": "sha512-40iRIX2DrY+a81hIliOog6TMg/ZAtHGeZr95r0vKAsl+iX1g9Hs8XCS4wTeQIUgydZpbpShk/JL6mkcstEfBdw==",
      "requires": {
        "@react-spring/animated": "~9.3.0",
        "@react-spring/core": "~9.3.0",
        "@react-spring/shared": "~9.3.0",
        "@react-spring/types": "~9.3.0"
      }
    },
    "@react-spring/types": {
      "version": "9.3.1",
      "resolved": "https://registry.npmjs.org/@react-spring/types/-/types-9.3.1.tgz",
      "integrity": "sha512-W/YMJMX35XgGGzX0gKORBTwnvQ+1loDOFN3XlZkW5fgpEY+7VkRUpPyqPWXQr3n6lHrsLmHIGdpznqZi54ACTQ=="
    },
    "@react-spring/web": {
      "version": "9.3.1",
      "resolved": "https://registry.npmjs.org/@react-spring/web/-/web-9.3.1.tgz",
      "integrity": "sha512-sisZIgFGva/Z+xKWPSfXpukF0AP3kR9ALTxlHL87fVotMUCJX5vtH/YlVcywToEFwTHKt3MpI5Wy2M+vgVEeaw==",
      "requires": {
        "@react-spring/animated": "~9.3.0",
        "@react-spring/core": "~9.3.0",
        "@react-spring/shared": "~9.3.0",
        "@react-spring/types": "~9.3.0"
      }
    },
    "@react-spring/zdog": {
      "version": "9.3.1",
      "resolved": "https://registry.npmjs.org/@react-spring/zdog/-/zdog-9.3.1.tgz",
      "integrity": "sha512-QflA/fII9zWe9CSOA8QGSLMjUwyrtD1TX6YVzUSn/nlr2f7PlZPijdpdu9Cvdirgss472cUS7cRIUfll0TepqA==",
      "requires": {
        "@react-spring/animated": "~9.3.0",
        "@react-spring/core": "~9.3.0",
        "@react-spring/shared": "~9.3.0",
        "@react-spring/types": "~9.3.0"
      }
    },
    "chart.js": {
      "version": "3.5.1",
      "resolved": "https://registry.npmjs.org/chart.js/-/chart.js-3.5.1.tgz",
      "integrity": "sha512-m5kzt72I1WQ9LILwQC4syla/LD/N413RYv2Dx2nnTkRS9iv/ey1xLTt0DnPc/eWV4zI+BgEgDYBIzbQhZHc/PQ=="
    },
    "clsx": {
      "version": "1.1.1",
      "resolved": "https://registry.npmjs.org/clsx/-/clsx-1.1.1.tgz",
      "integrity": "sha512-6/bPho624p3S2pMyvP5kKBPXnI3ufHLObBFCfgx+LkeR5lg2XYy2hqZqUf45ypD8COn2bhgGJSUE+l5dhNBieA=="
    },
    "react-chartjs-2": {
      "version": "3.2.0",
      "resolved": "https://registry.npmjs.org/react-chartjs-2/-/react-chartjs-2-3.2.0.tgz",
      "integrity": "sha512-UFedkfhOriqyslqYMrdK225TdxFq6YSmGJVQplLC37eoKBfbpkJHxVq+SPMpoVY2oV9fx33RrD4Obv0wKZtclw=="
    },
    "react-spring": {
      "version": "9.3.2",
      "resolved": "https://registry.npmjs.org/react-spring/-/react-spring-9.3.2.tgz",
      "integrity": "sha512-LMFgjvTJVg2ltthzgJcZ7siOdRig7L8wJZIHrc7p6ss4AaJ446xHzm9L2ZQha1ZC9QVY8/e6XfLhMTFAG6dtjw==",
      "requires": {
        "@react-spring/core": "~9.3.0",
        "@react-spring/konva": "~9.3.0",
        "@react-spring/native": "~9.3.0",
        "@react-spring/three": "~9.3.0",
        "@react-spring/web": "~9.3.0",
        "@react-spring/zdog": "~9.3.0"
      }
    },
    "react-toastify": {
      "version": "8.1.0",
      "resolved": "https://registry.npmjs.org/react-toastify/-/react-toastify-8.1.0.tgz",
      "integrity": "sha512-M+Q3rTmEw/53Csr7NsV/YnldJe4c7uERcY7Tma9mvLU98QT2VhIkKwjBzzxZkJRk/oBKyUAtkyMjMgO00hx6gQ==",
      "requires": {
        "clsx": "^1.1.1"
      }
    }
  }
}
